
Microsoft Visual Studio Solution File, Format Version 12.00
# Visual Studio 15
VisualStudioVersion = 15.0.28307.572
MinimumVisualStudioVersion = 10.0.40219.1
Project("{FAE04EC0-301F-11D3-BF4B-00C04F79EFBC}") = "WebApplication1", "WebApplication1\WebApplication1.csproj", "{323EB322-45CD-49EA-8B2F-106A86972FBB}"
EndProject
Global
	GlobalSection(SolutionConfigurationPlatforms) = preSolution
		Debug|Any CPU = Debug|Any CPU
		Release|Any CPU = Release|Any CPU
	EndGlobalSection
	GlobalSection(ProjectConfigurationPlatforms) = postSolution
		{323EB322-45CD-49EA-8B2F-106A86972FBB}.Debug|Any CPU.ActiveCfg = Debug|Any CPU
		{323EB322-45CD-49EA-8B2F-106A86972FBB}.Debug|Any CPU.Build.0 = Debug|Any CPU
		{323EB322-45CD-49EA-8B2F-106A86972FBB}.Release|Any CPU.ActiveCfg = Release|Any CPU
		{323EB322-45CD-49EA-8B2F-106A86972FBB}.Release|Any CPU.Build.0 = Release|Any CPU
	EndGlobalSection
	GlobalSection(SolutionProperties) = preSolution
		HideSolutionNode = FALSE
	EndGlobalSection
	GlobalSection(ExtensibilityGlobals) = postSolution
		SolutionGuid = {C210D7F8-290A-4ED4-A0D3-75322A2F9D57}
	EndGlobalSection
EndGlobal
