
Microsoft Visual Studio Solution File, Format Version 12.00
# Visual Studio 15
VisualStudioVersion = 15.0.28307.572
MinimumVisualStudioVersion = 10.0.40219.1
Project("{FAE04EC0-301F-11D3-BF4B-00C04F79EFBC}") = "mi primera pagina web", "mi primera pagina web\mi primera pagina web.csproj", "{51C6A28A-B968-441D-8E1F-B7226D0756EB}"
EndProject
Global
	GlobalSection(SolutionConfigurationPlatforms) = preSolution
		Debug|Any CPU = Debug|Any CPU
		Release|Any CPU = Release|Any CPU
	EndGlobalSection
	GlobalSection(ProjectConfigurationPlatforms) = postSolution
		{51C6A28A-B968-441D-8E1F-B7226D0756EB}.Debug|Any CPU.ActiveCfg = Debug|Any CPU
		{51C6A28A-B968-441D-8E1F-B7226D0756EB}.Debug|Any CPU.Build.0 = Debug|Any CPU
		{51C6A28A-B968-441D-8E1F-B7226D0756EB}.Release|Any CPU.ActiveCfg = Release|Any CPU
		{51C6A28A-B968-441D-8E1F-B7226D0756EB}.Release|Any CPU.Build.0 = Release|Any CPU
	EndGlobalSection
	GlobalSection(SolutionProperties) = preSolution
		HideSolutionNode = FALSE
	EndGlobalSection
	GlobalSection(ExtensibilityGlobals) = postSolution
		SolutionGuid = {D84C53D1-9A29-4DBE-97D4-B2EBAF478D44}
	EndGlobalSection
EndGlobal
