
Microsoft Visual Studio Solution File, Format Version 12.00
# Visual Studio Version 17
VisualStudioVersion = 17.6.33723.286
MinimumVisualStudioVersion = 10.0.40219.1
Project("{FAE04EC0-301F-11D3-BF4B-00C04F79EFBC}") = "InotifyPropertyChanged", "InotifyPropertyChanged\InotifyPropertyChanged.csproj", "{8D3A4B68-F434-4D7A-A22B-0ADA3CE56BB4}"
EndProject
Global
	GlobalSection(SolutionConfigurationPlatforms) = preSolution
		Debug|Any CPU = Debug|Any CPU
		Release|Any CPU = Release|Any CPU
	EndGlobalSection
	GlobalSection(ProjectConfigurationPlatforms) = postSolution
		{8D3A4B68-F434-4D7A-A22B-0ADA3CE56BB4}.Debug|Any CPU.ActiveCfg = Debug|Any CPU
		{8D3A4B68-F434-4D7A-A22B-0ADA3CE56BB4}.Debug|Any CPU.Build.0 = Debug|Any CPU
		{8D3A4B68-F434-4D7A-A22B-0ADA3CE56BB4}.Release|Any CPU.ActiveCfg = Release|Any CPU
		{8D3A4B68-F434-4D7A-A22B-0ADA3CE56BB4}.Release|Any CPU.Build.0 = Release|Any CPU
	EndGlobalSection
	GlobalSection(SolutionProperties) = preSolution
		HideSolutionNode = FALSE
	EndGlobalSection
	GlobalSection(ExtensibilityGlobals) = postSolution
		SolutionGuid = {27F821D7-AAE2-4D13-88A3-2F2B0FA96383}
	EndGlobalSection
EndGlobal
