
Microsoft Visual Studio Solution File, Format Version 12.00
# Visual Studio Version 17
VisualStudioVersion = 17.6.33723.286
MinimumVisualStudioVersion = 10.0.40219.1
Project("{FAE04EC0-301F-11D3-BF4B-00C04F79EFBC}") = "ConexionGestionPedidos", "ConexionGestionPedidos\ConexionGestionPedidos.csproj", "{47279D03-CCBF-4D6A-B0BE-15091D06B4AB}"
EndProject
Global
	GlobalSection(SolutionConfigurationPlatforms) = preSolution
		Debug|Any CPU = Debug|Any CPU
		Release|Any CPU = Release|Any CPU
	EndGlobalSection
	GlobalSection(ProjectConfigurationPlatforms) = postSolution
		{47279D03-CCBF-4D6A-B0BE-15091D06B4AB}.Debug|Any CPU.ActiveCfg = Debug|Any CPU
		{47279D03-CCBF-4D6A-B0BE-15091D06B4AB}.Debug|Any CPU.Build.0 = Debug|Any CPU
		{47279D03-CCBF-4D6A-B0BE-15091D06B4AB}.Release|Any CPU.ActiveCfg = Release|Any CPU
		{47279D03-CCBF-4D6A-B0BE-15091D06B4AB}.Release|Any CPU.Build.0 = Release|Any CPU
	EndGlobalSection
	GlobalSection(SolutionProperties) = preSolution
		HideSolutionNode = FALSE
	EndGlobalSection
	GlobalSection(ExtensibilityGlobals) = postSolution
		SolutionGuid = {BF078EAC-EB92-4DC5-8232-EA534AACA824}
	EndGlobalSection
EndGlobal
