
Microsoft Visual Studio Solution File, Format Version 12.00
# Visual Studio Version 17
VisualStudioVersion = 17.5.33627.172
MinimumVisualStudioVersion = 10.0.40219.1
Project("{FAE04EC0-301F-11D3-BF4B-00C04F79EFBC}") = "Colecciones", "Colecciones\Colecciones.csproj", "{4D185649-80E2-4272-814B-E0F19527A63E}"
EndProject
Global
	GlobalSection(SolutionConfigurationPlatforms) = preSolution
		Debug|Any CPU = Debug|Any CPU
		Release|Any CPU = Release|Any CPU
	EndGlobalSection
	GlobalSection(ProjectConfigurationPlatforms) = postSolution
		{4D185649-80E2-4272-814B-E0F19527A63E}.Debug|Any CPU.ActiveCfg = Debug|Any CPU
		{4D185649-80E2-4272-814B-E0F19527A63E}.Debug|Any CPU.Build.0 = Debug|Any CPU
		{4D185649-80E2-4272-814B-E0F19527A63E}.Release|Any CPU.ActiveCfg = Release|Any CPU
		{4D185649-80E2-4272-814B-E0F19527A63E}.Release|Any CPU.Build.0 = Release|Any CPU
	EndGlobalSection
	GlobalSection(SolutionProperties) = preSolution
		HideSolutionNode = FALSE
	EndGlobalSection
	GlobalSection(ExtensibilityGlobals) = postSolution
		SolutionGuid = {057C87AA-9EF7-4B0B-B0C2-038AF41497D2}
	EndGlobalSection
EndGlobal
