
Microsoft Visual Studio Solution File, Format Version 12.00
# Visual Studio Version 17
VisualStudioVersion = 17.7.34202.233
MinimumVisualStudioVersion = 10.0.40219.1
Project("{FAE04EC0-301F-11D3-BF4B-00C04F79EFBC}") = "claseParallel", "claseParallel\claseParallel.csproj", "{DA3FE628-75A2-4290-88C7-BDEA8496C76C}"
EndProject
Global
	GlobalSection(SolutionConfigurationPlatforms) = preSolution
		Debug|Any CPU = Debug|Any CPU
		Release|Any CPU = Release|Any CPU
	EndGlobalSection
	GlobalSection(ProjectConfigurationPlatforms) = postSolution
		{DA3FE628-75A2-4290-88C7-BDEA8496C76C}.Debug|Any CPU.ActiveCfg = Debug|Any CPU
		{DA3FE628-75A2-4290-88C7-BDEA8496C76C}.Debug|Any CPU.Build.0 = Debug|Any CPU
		{DA3FE628-75A2-4290-88C7-BDEA8496C76C}.Release|Any CPU.ActiveCfg = Release|Any CPU
		{DA3FE628-75A2-4290-88C7-BDEA8496C76C}.Release|Any CPU.Build.0 = Release|Any CPU
	EndGlobalSection
	GlobalSection(SolutionProperties) = preSolution
		HideSolutionNode = FALSE
	EndGlobalSection
	GlobalSection(ExtensibilityGlobals) = postSolution
		SolutionGuid = {54D60D63-9170-402A-BCA4-9F9F539A5FBF}
	EndGlobalSection
EndGlobal
