
Microsoft Visual Studio Solution File, Format Version 12.00
# Visual Studio Version 17
VisualStudioVersion = 17.7.34202.233
MinimumVisualStudioVersion = 10.0.40219.1
Project("{FAE04EC0-301F-11D3-BF4B-00C04F79EFBC}") = "PoolDeThreads", "PoolDeThreads\PoolDeThreads.csproj", "{1FD7F4B3-E67F-41A2-8487-EAC49A814EF6}"
EndProject
Global
	GlobalSection(SolutionConfigurationPlatforms) = preSolution
		Debug|Any CPU = Debug|Any CPU
		Release|Any CPU = Release|Any CPU
	EndGlobalSection
	GlobalSection(ProjectConfigurationPlatforms) = postSolution
		{1FD7F4B3-E67F-41A2-8487-EAC49A814EF6}.Debug|Any CPU.ActiveCfg = Debug|Any CPU
		{1FD7F4B3-E67F-41A2-8487-EAC49A814EF6}.Debug|Any CPU.Build.0 = Debug|Any CPU
		{1FD7F4B3-E67F-41A2-8487-EAC49A814EF6}.Release|Any CPU.ActiveCfg = Release|Any CPU
		{1FD7F4B3-E67F-41A2-8487-EAC49A814EF6}.Release|Any CPU.Build.0 = Release|Any CPU
	EndGlobalSection
	GlobalSection(SolutionProperties) = preSolution
		HideSolutionNode = FALSE
	EndGlobalSection
	GlobalSection(ExtensibilityGlobals) = postSolution
		SolutionGuid = {B3B85FAE-18D9-45EC-89DD-634D6FD48618}
	EndGlobalSection
EndGlobal
