
Microsoft Visual Studio Solution File, Format Version 12.00
# Visual Studio Version 17
VisualStudioVersion = 17.6.33723.286
MinimumVisualStudioVersion = 10.0.40219.1
Project("{FAE04EC0-301F-11D3-BF4B-00C04F79EFBC}") = "Grilla", "Grilla\Grilla.csproj", "{306AA792-885F-4587-89ED-3BF517BE298D}"
EndProject
Global
	GlobalSection(SolutionConfigurationPlatforms) = preSolution
		Debug|Any CPU = Debug|Any CPU
		Release|Any CPU = Release|Any CPU
	EndGlobalSection
	GlobalSection(ProjectConfigurationPlatforms) = postSolution
		{306AA792-885F-4587-89ED-3BF517BE298D}.Debug|Any CPU.ActiveCfg = Debug|Any CPU
		{306AA792-885F-4587-89ED-3BF517BE298D}.Debug|Any CPU.Build.0 = Debug|Any CPU
		{306AA792-885F-4587-89ED-3BF517BE298D}.Release|Any CPU.ActiveCfg = Release|Any CPU
		{306AA792-885F-4587-89ED-3BF517BE298D}.Release|Any CPU.Build.0 = Release|Any CPU
	EndGlobalSection
	GlobalSection(SolutionProperties) = preSolution
		HideSolutionNode = FALSE
	EndGlobalSection
	GlobalSection(ExtensibilityGlobals) = postSolution
		SolutionGuid = {C2609507-26E4-493C-9AA3-E09C2616DD66}
	EndGlobalSection
EndGlobal
