
Microsoft Visual Studio Solution File, Format Version 12.00
# Visual Studio Version 17
VisualStudioVersion = 17.6.33723.286
MinimumVisualStudioVersion = 10.0.40219.1
Project("{FAE04EC0-301F-11D3-BF4B-00C04F79EFBC}") = "InterfazGrafica", "InterfazGrafica\InterfazGrafica.csproj", "{127C5FD4-481C-44E0-BE99-47AD10E08870}"
EndProject
Global
	GlobalSection(SolutionConfigurationPlatforms) = preSolution
		Debug|Any CPU = Debug|Any CPU
		Release|Any CPU = Release|Any CPU
	EndGlobalSection
	GlobalSection(ProjectConfigurationPlatforms) = postSolution
		{127C5FD4-481C-44E0-BE99-47AD10E08870}.Debug|Any CPU.ActiveCfg = Debug|Any CPU
		{127C5FD4-481C-44E0-BE99-47AD10E08870}.Debug|Any CPU.Build.0 = Debug|Any CPU
		{127C5FD4-481C-44E0-BE99-47AD10E08870}.Release|Any CPU.ActiveCfg = Release|Any CPU
		{127C5FD4-481C-44E0-BE99-47AD10E08870}.Release|Any CPU.Build.0 = Release|Any CPU
	EndGlobalSection
	GlobalSection(SolutionProperties) = preSolution
		HideSolutionNode = FALSE
	EndGlobalSection
	GlobalSection(ExtensibilityGlobals) = postSolution
		SolutionGuid = {040B6A40-E449-4539-AC84-F03C1F135F71}
	EndGlobalSection
EndGlobal
