
Microsoft Visual Studio Solution File, Format Version 12.00
# Visual Studio Version 17
VisualStudioVersion = 17.6.33723.286
MinimumVisualStudioVersion = 10.0.40219.1
Project("{FAE04EC0-301F-11D3-BF4B-00C04F79EFBC}") = "listBox", "listBox\listBox.csproj", "{25F37C15-494F-4668-A6E6-A5BD55D9B24A}"
EndProject
Global
	GlobalSection(SolutionConfigurationPlatforms) = preSolution
		Debug|Any CPU = Debug|Any CPU
		Release|Any CPU = Release|Any CPU
	EndGlobalSection
	GlobalSection(ProjectConfigurationPlatforms) = postSolution
		{25F37C15-494F-4668-A6E6-A5BD55D9B24A}.Debug|Any CPU.ActiveCfg = Debug|Any CPU
		{25F37C15-494F-4668-A6E6-A5BD55D9B24A}.Debug|Any CPU.Build.0 = Debug|Any CPU
		{25F37C15-494F-4668-A6E6-A5BD55D9B24A}.Release|Any CPU.ActiveCfg = Release|Any CPU
		{25F37C15-494F-4668-A6E6-A5BD55D9B24A}.Release|Any CPU.Build.0 = Release|Any CPU
	EndGlobalSection
	GlobalSection(SolutionProperties) = preSolution
		HideSolutionNode = FALSE
	EndGlobalSection
	GlobalSection(ExtensibilityGlobals) = postSolution
		SolutionGuid = {962D9B75-BAB9-4FDF-8FF3-272A0C05C913}
	EndGlobalSection
EndGlobal
